{
  "version": 2,
  "dependencies": {
    "net10.0": {
      "GitVersion.MsBuild": {
        "type": "Direct",
        "requested": "[6.8.1, )",
        "resolved": "6.8.1",
        "contentHash": "x3lIU/s5zFuacWETug6PmeAo0lDXjYjEVWq5OPEQy4FXxbc6MrW/4/+4Ewvmgxsakd8IHvcQPhthYJ4KDg0Tww=="
      },
      "JunitXml.TestLogger": {
        "type": "Direct",
        "requested": "[8.0.0, )",
        "resolved": "8.0.0",
        "contentHash": "rO2ugKcbVy8SHNKeqfX/DshUcTtolnEUwMKehVB6gh5/YoL+U07zoACCyGRvgMtzq7fr9o6GLkXOmVj9WMgx+w=="
      },
      "Microsoft.Testing.Extensions.CodeCoverage": {
        "type": "Direct",
        "requested": "[18.9.0, )",
        "resolved": "18.9.0",
        "contentHash": "Odp8djWEUFTJoRV02y0zJaAwAHF31CtNaDgnKKM+8dBHbbaH7Ee0oo9gweLpbzjI7UrtMUzH6xLJSrICZw+Nwg==",
        "dependencies": {
          "Microsoft.DiaSymReader": "2.2.9",
          "Microsoft.Extensions.DependencyModel": "10.0.8",
          "Microsoft.Testing.Platform": "2.3.0"
        }
      },
      "Microsoft.Testing.Extensions.TrxReport": {
        "type": "Direct",
        "requested": "[2.3.1, )",
        "resolved": "2.3.1",
        "contentHash": "nuYT2oV6xht8HkRWsPJvNbM1CwiHiwe6T4B5XsJv2eKCGbE68/teMJlzNybYn2TWJ0oBuYgbTroFDhgciYUMcQ==",
        "dependencies": {
          "Microsoft.Testing.Extensions.TrxReport.Abstractions": "2.3.1",
          "Microsoft.Testing.Platform": "2.3.1"
        }
      },
      "Moq": {
        "type": "Direct",
        "requested": "[4.20.72, )",
        "resolved": "4.20.72",
        "contentHash": "EA55cjyNn8eTNWrgrdZJH5QLFp2L43oxl1tlkoYUKIE9pRwL784OWiTXeCV5ApS+AMYEAlt7Fo03A2XfouvHmQ==",
        "dependencies": {
          "Castle.Core": "5.1.1"
        }
      },
      "MSTest.TestAdapter": {
        "type": "Direct",
        "requested": "[4.3.0, )",
        "resolved": "4.3.0",
        "contentHash": "lJiqBscyRAUawzwnzEAZpDAqG8HaRi6a6YNQ1CcfEEYLZksoj0KUySaVWNbgEp/j0pvEe5hJRdJAu1jqJEQoJA==",
        "dependencies": {
          "MSTest.TestFramework": "4.3.0",
          "Microsoft.Testing.Extensions.VSTestBridge": "2.3.1",
          "Microsoft.Testing.Platform.MSBuild": "2.3.1"
        }
      },
      "MSTest.TestFramework": {
        "type": "Direct",
        "requested": "[4.3.0, )",
        "resolved": "4.3.0",
        "contentHash": "5g6Bx47jdzsHt0Kf9u9W8z/8ZWixGz2BvO+FVmoLht0yW24Ac9djZ+mvgTqdM9YXdS948ywM8eOtVhRyPio7aw==",
        "dependencies": {
          "MSTest.Analyzers": "4.3.0"
        }
      },
      "Castle.Core": {
        "type": "Transitive",
        "resolved": "5.1.1",
        "contentHash": "rpYtIczkzGpf+EkZgDr9CClTdemhsrwA/W5hMoPjLkRFnXzH44zDLoovXeKtmxb1ykXK9aJVODSpiJml8CTw2g==",
        "dependencies": {
          "System.Diagnostics.EventLog": "6.0.0"
        }
      },
      "Microsoft.ApplicationInsights": {
        "type": "Transitive",
        "resolved": "2.23.0",
        "contentHash": "nWArUZTdU7iqZLycLKWe0TDms48KKGE6pONH2terYNa8REXiqixrMOkf1sk5DHGMaUTqONU2YkS4SAXBhLStgw=="
      },
      "Microsoft.DiaSymReader": {
        "type": "Transitive",
        "resolved": "2.2.9",
        "contentHash": "WLbDc/W9XkHpGVtd1L6Vml8W6+PaaYZZTJASHjHF7W2WX/hld6bfNK102Ui+I3a6zIdx4+oKRJtMgHz44JmBfw=="
      },
      "Microsoft.Extensions.DependencyModel": {
        "type": "Transitive",
        "resolved": "10.0.8",
        "contentHash": "vLyZVpxmduO2jx+76ggqnsA3m81kwMY3NkWciNTj5E+Nvqb0VihqCvQP89QsGONWp0AJwMZG+u9GzaCjDdFGNw=="
      },
      "Microsoft.Testing.Extensions.Telemetry": {
        "type": "Transitive",
        "resolved": "2.3.1",
        "contentHash": "SrlzgK9X4YM2No6LqXJg7ZPC0UNgjiy+wTwb3OhiSYfuNjQWJXGyL+iWtKOqHwJ/C1eGmyz7Cqs5WOE1Cp191g==",
        "dependencies": {
          "Microsoft.ApplicationInsights": "2.23.0",
          "Microsoft.Testing.Platform": "2.3.1"
        }
      },
      "Microsoft.Testing.Extensions.TrxReport.Abstractions": {
        "type": "Transitive",
        "resolved": "2.3.1",
        "contentHash": "RpMkMST/uzU3UMGMtqu5PjXk7mg4pyHLKP0tCdpt6fIqWvAsO7Vp34eA6bwdgtlQZMBCXZMlFiavGIxTGAOfHA==",
        "dependencies": {
          "Microsoft.Testing.Platform": "2.3.1"
        }
      },
      "Microsoft.Testing.Extensions.VSTestBridge": {
        "type": "Transitive",
        "resolved": "2.3.1",
        "contentHash": "dpimiGO3U5DZIw1YX9kSywVWRaBy38m8PalCo9z1oHkufFUdKD3XT6WDYyC8tZpqXKFUKJhrKoVrZtMS8gdgPw==",
        "dependencies": {
          "Microsoft.TestPlatform.ObjectModel": "18.4.0",
          "Microsoft.Testing.Extensions.Telemetry": "2.3.1",
          "Microsoft.Testing.Extensions.TrxReport.Abstractions": "2.3.1",
          "Microsoft.Testing.Platform": "2.3.1"
        }
      },
      "Microsoft.Testing.Platform": {
        "type": "Transitive",
        "resolved": "2.3.1",
        "contentHash": "sZlgL8zvquO/uOMFK9YdovHzfnI/MPNXvakTPskKzRB3CQp9Yzdqs9ZFew7STlNzib9X/twjezdSPW4CE9YjIQ=="
      },
      "Microsoft.Testing.Platform.MSBuild": {
        "type": "Transitive",
        "resolved": "2.3.1",
        "contentHash": "ikKS89MaM4gWwBr+ApcV2vy55v0kauOpBFqY7Mh0LCcLtiNlFsumZmjOc4BPt+msJhDf83o03/kuucVtepb55w==",
        "dependencies": {
          "Microsoft.Testing.Platform": "2.3.1"
        }
      },
      "Microsoft.TestPlatform.ObjectModel": {
        "type": "Transitive",
        "resolved": "18.4.0",
        "contentHash": "4L6m2kS2pY5uJ9cpeRxzW22opr6ttScIRqsOpMDQpgENp/ZwxkkQCcmc6LRSURo2dFaaSW5KVflQZvroiJ7Wzg=="
      },
      "MSTest.Analyzers": {
        "type": "Transitive",
        "resolved": "4.3.0",
        "contentHash": "Od+0h98vkWxsDKwk3N7RfS4SHOq2D4imLeCcs5YO2+g8ZsO2+QhymVg7HDoB81J3zA1UEj09PNBdNBGAdNUMNg=="
      },
      "System.Diagnostics.EventLog": {
        "type": "Transitive",
        "resolved": "6.0.0",
        "contentHash": "lcyUiXTsETK2ALsZrX+nWuHSIQeazhqPphLfaRxzdGaG93+0kELqpgEHtwWOlQe7+jSFnKwaCAgL4kjeZCQJnw=="
      },
      "Dorssel.Utilities.Debounce": {
        "type": "Project"
      },
      "testable": {
        "type": "Project",
        "dependencies": {
          "Dorssel.Utilities.Debounce": "[1.0.0, )"
        }
      }
    }
  }
}