{
  "version": 2,
  "dependencies": {
    "net10.0": {
      "GitVersion.MsBuild": {
        "type": "Direct",
        "requested": "[6.8.2, )",
        "resolved": "6.8.2",
        "contentHash": "eTd8jUiogUXpVssFyDWWdMrPr5Cdc57tWaQ3Cv/eMIhnumOHZhDkc/wcy8hYU8aH7NS4VT2w/pHjVITDSTXMGw=="
      },
      "Microsoft.AspNetCore.App.Internal.Assets": {
        "type": "Direct",
        "requested": "[10.0.12, )",
        "resolved": "10.0.12",
        "contentHash": "+sIBo9AMBZH46qHWHQdfzcGMt+RuBaPYrUMOAM9VjA7MQ9QtIez3lq1C3E05+Yroa94KKt3DSWaxmCI4H28a9Q=="
      },
      "Microsoft.FluentUI.AspNetCore.Components": {
        "type": "Direct",
        "requested": "[4.14.4, )",
        "resolved": "4.14.4",
        "contentHash": "isJiT1YGAr6xUaVsfB/sfAFs69HDj3JMTn7pwi26/PUF2iOn8J+fjwSOHOVZ2+AhmA9f/OYLdRadjQBav9nJww=="
      },
      "Microsoft.FluentUI.AspNetCore.Components.Icons": {
        "type": "Direct",
        "requested": "[4.14.4, )",
        "resolved": "4.14.4",
        "contentHash": "QQ6Vq8i2oItidPBiVk3uKzAouuZV6I9UWhuvxzF1XHz2nOgs7psrDryMf84vLupIWpJ/zswr3+ysxbdBLFlPGQ==",
        "dependencies": {
          "Microsoft.FluentUI.AspNetCore.Components": "4.14.2"
        }
      },
      "Dorssel.Utilities.Debounce": {
        "type": "Project"
      }
    }
  }
}