{
  "version": 2,
  "dependencies": {
    ".NETStandard,Version=v2.0": {
      "GitVersion.MsBuild": {
        "type": "Direct",
        "requested": "[6.8.0, )",
        "resolved": "6.8.0",
        "contentHash": "aZFpfZInvLBCfz8bsxKcqa37YLOBvpKdMZsDtJulTVoWI5tc6/Z60UTBxcupY92MIMW/Hft4x6fl4EqINusAwg=="
      }
    }
  }
}